
Microsoft Visual Studio Solution File, Format Version 12.00
# Visual Studio Version 16
VisualStudioVersion = 16.0.30804.86
MinimumVisualStudioVersion = 10.0.40219.1
Project("{9A19103F-16F7-4668-BE54-9A1E7A4F7556}") = "GenericsHomework", "GenericsHomework\GenericsHomework.csproj", "{8FBFC0E2-EFD7-4DFE-9A1A-972BE1B3DCE9}"
EndProject
Project("{FAE04EC0-301F-11D3-BF4B-00C04F79EFBC}") = "GenericsHomework.Tests", "GenericsHomeworkTests\GenericsHomework.Tests.csproj", "{E8213AF4-785E-434C-A9C1-30BE380F2583}"
EndProject
Project("{2150E333-8FDC-42A3-9474-1A3956D46DE8}") = "Solution Items", "Solution Items", "{8549E137-31CD-4B5C-8989-95B117EF02CB}"
	ProjectSection(SolutionItems) = preProject
		.editorconfig = .editorconfig
	EndProjectSection
EndProject
Global
	GlobalSection(SolutionConfigurationPlatforms) = preSolution
		Debug|Any CPU = Debug|Any CPU
		Release|Any CPU = Release|Any CPU
	EndGlobalSection
	GlobalSection(ProjectConfigurationPlatforms) = postSolution
		{8FBFC0E2-EFD7-4DFE-9A1A-972BE1B3DCE9}.Debug|Any CPU.ActiveCfg = Debug|Any CPU
		{8FBFC0E2-EFD7-4DFE-9A1A-972BE1B3DCE9}.Debug|Any CPU.Build.0 = Debug|Any CPU
		{8FBFC0E2-EFD7-4DFE-9A1A-972BE1B3DCE9}.Release|Any CPU.ActiveCfg = Release|Any CPU
		{8FBFC0E2-EFD7-4DFE-9A1A-972BE1B3DCE9}.Release|Any CPU.Build.0 = Release|Any CPU
		{E8213AF4-785E-434C-A9C1-30BE380F2583}.Debug|Any CPU.ActiveCfg = Debug|Any CPU
		{E8213AF4-785E-434C-A9C1-30BE380F2583}.Debug|Any CPU.Build.0 = Debug|Any CPU
		{E8213AF4-785E-434C-A9C1-30BE380F2583}.Release|Any CPU.ActiveCfg = Release|Any CPU
		{E8213AF4-785E-434C-A9C1-30BE380F2583}.Release|Any CPU.Build.0 = Release|Any CPU
	EndGlobalSection
	GlobalSection(SolutionProperties) = preSolution
		HideSolutionNode = FALSE
	EndGlobalSection
	GlobalSection(ExtensibilityGlobals) = postSolution
		SolutionGuid = {28B236A0-2451-49D6-9518-1EBF832DE837}
	EndGlobalSection
EndGlobal
