
Microsoft Visual Studio Solution File, Format Version 12.00
# Visual Studio Version 16
VisualStudioVersion = 16.0.30803.129
MinimumVisualStudioVersion = 10.0.40219.1
Project("{FAE04EC0-301F-11D3-BF4B-00C04F79EFBC}") = "2020.01.19.SomethingSomethingInterfaces", "2020.01.19.SomethingSomethingInterfaces\2020.01.19.SomethingSomethingInterfaces.csproj", "{A9CF0134-56C6-454A-A0F7-174D1F860E86}"
EndProject
Global
	GlobalSection(SolutionConfigurationPlatforms) = preSolution
		Debug|Any CPU = Debug|Any CPU
		Release|Any CPU = Release|Any CPU
	EndGlobalSection
	GlobalSection(ProjectConfigurationPlatforms) = postSolution
		{A9CF0134-56C6-454A-A0F7-174D1F860E86}.Debug|Any CPU.ActiveCfg = Debug|Any CPU
		{A9CF0134-56C6-454A-A0F7-174D1F860E86}.Debug|Any CPU.Build.0 = Debug|Any CPU
		{A9CF0134-56C6-454A-A0F7-174D1F860E86}.Release|Any CPU.ActiveCfg = Release|Any CPU
		{A9CF0134-56C6-454A-A0F7-174D1F860E86}.Release|Any CPU.Build.0 = Release|Any CPU
	EndGlobalSection
	GlobalSection(SolutionProperties) = preSolution
		HideSolutionNode = FALSE
	EndGlobalSection
	GlobalSection(ExtensibilityGlobals) = postSolution
		SolutionGuid = {35F8E0CD-FCEB-4D24-923B-75A09DA13408}
	EndGlobalSection
EndGlobal
