
Microsoft Visual Studio Solution File, Format Version 12.00
# Visual Studio Version 16
VisualStudioVersion = 16.0.30804.86
MinimumVisualStudioVersion = 10.0.40219.1
Project("{9A19103F-16F7-4668-BE54-9A1E7A4F7556}") = "GenericCollectionClass", "GenericCollectionClass\GenericCollectionClass.csproj", "{A5849CAA-39DC-41BF-93A0-EB1980B23CCD}"
EndProject
Project("{9A19103F-16F7-4668-BE54-9A1E7A4F7556}") = "GenericCollectionClass.Tests", "GenericCollectionClass.Tests\GenericCollectionClass.Tests.csproj", "{DB679226-230F-4054-8E87-AD82492BECEB}"
EndProject
Project("{2150E333-8FDC-42A3-9474-1A3956D46DE8}") = "Solution Items", "Solution Items", "{415F49F1-F4E0-4325-8FB3-21A7EB4B6FF4}"
	ProjectSection(SolutionItems) = preProject
		.editorconfig = .editorconfig
	EndProjectSection
EndProject
Global
	GlobalSection(SolutionConfigurationPlatforms) = preSolution
		Debug|Any CPU = Debug|Any CPU
		Release|Any CPU = Release|Any CPU
	EndGlobalSection
	GlobalSection(ProjectConfigurationPlatforms) = postSolution
		{A5849CAA-39DC-41BF-93A0-EB1980B23CCD}.Debug|Any CPU.ActiveCfg = Debug|Any CPU
		{A5849CAA-39DC-41BF-93A0-EB1980B23CCD}.Debug|Any CPU.Build.0 = Debug|Any CPU
		{A5849CAA-39DC-41BF-93A0-EB1980B23CCD}.Release|Any CPU.ActiveCfg = Release|Any CPU
		{A5849CAA-39DC-41BF-93A0-EB1980B23CCD}.Release|Any CPU.Build.0 = Release|Any CPU
		{DB679226-230F-4054-8E87-AD82492BECEB}.Debug|Any CPU.ActiveCfg = Debug|Any CPU
		{DB679226-230F-4054-8E87-AD82492BECEB}.Debug|Any CPU.Build.0 = Debug|Any CPU
		{DB679226-230F-4054-8E87-AD82492BECEB}.Release|Any CPU.ActiveCfg = Release|Any CPU
		{DB679226-230F-4054-8E87-AD82492BECEB}.Release|Any CPU.Build.0 = Release|Any CPU
	EndGlobalSection
	GlobalSection(SolutionProperties) = preSolution
		HideSolutionNode = FALSE
	EndGlobalSection
	GlobalSection(ExtensibilityGlobals) = postSolution
		SolutionGuid = {FD477804-7F68-4758-9A03-47B05837D0FC}
	EndGlobalSection
EndGlobal
