
Microsoft Visual Studio Solution File, Format Version 12.00
# Visual Studio Version 16
VisualStudioVersion = 16.0.31025.218
MinimumVisualStudioVersion = 10.0.40219.1
Project("{9A19103F-16F7-4668-BE54-9A1E7A4F7556}") = "WpfApp1", "WpfApp1\WpfApp1.csproj", "{29BD3DFB-578C-449A-A5A0-3A1C32DC58FD}"
EndProject
Project("{FAE04EC0-301F-11D3-BF4B-00C04F79EFBC}") = "WpfApp1.Tests", "WpfApp1.Tests\WpfApp1.Tests.csproj", "{1D466875-B250-4C2B-8395-76E19CDFA35A}"
EndProject
Global
	GlobalSection(SolutionConfigurationPlatforms) = preSolution
		Debug|Any CPU = Debug|Any CPU
		Release|Any CPU = Release|Any CPU
	EndGlobalSection
	GlobalSection(ProjectConfigurationPlatforms) = postSolution
		{29BD3DFB-578C-449A-A5A0-3A1C32DC58FD}.Debug|Any CPU.ActiveCfg = Debug|Any CPU
		{29BD3DFB-578C-449A-A5A0-3A1C32DC58FD}.Debug|Any CPU.Build.0 = Debug|Any CPU
		{29BD3DFB-578C-449A-A5A0-3A1C32DC58FD}.Release|Any CPU.ActiveCfg = Release|Any CPU
		{29BD3DFB-578C-449A-A5A0-3A1C32DC58FD}.Release|Any CPU.Build.0 = Release|Any CPU
		{1D466875-B250-4C2B-8395-76E19CDFA35A}.Debug|Any CPU.ActiveCfg = Debug|Any CPU
		{1D466875-B250-4C2B-8395-76E19CDFA35A}.Debug|Any CPU.Build.0 = Debug|Any CPU
		{1D466875-B250-4C2B-8395-76E19CDFA35A}.Release|Any CPU.ActiveCfg = Release|Any CPU
		{1D466875-B250-4C2B-8395-76E19CDFA35A}.Release|Any CPU.Build.0 = Release|Any CPU
	EndGlobalSection
	GlobalSection(SolutionProperties) = preSolution
		HideSolutionNode = FALSE
	EndGlobalSection
	GlobalSection(ExtensibilityGlobals) = postSolution
		SolutionGuid = {8A6F3607-966D-4E2E-997E-6D54F5A42FE9}
	EndGlobalSection
EndGlobal
